
Microsoft Visual Studio Solution File, Format Version 12.00
# Visual Studio Version 16
VisualStudioVersion = 16.0.30804.86
MinimumVisualStudioVersion = 10.0.40219.1
Project("{9A19103F-16F7-4668-BE54-9A1E7A4F7556}") = "ICT3101_Calculator", "ICT3101_Calculator\ICT3101_Calculator.csproj", "{F0E1DEAC-8AB8-47F4-829F-C899176F350B}"
EndProject
Project("{9A19103F-16F7-4668-BE54-9A1E7A4F7556}") = "ICT3101_Calculator.UnitTests", "ICT3101_Calculator.UnitTests\ICT3101_Calculator.UnitTests.csproj", "{D797307C-6F53-4D61-9CFE-C610A1F4F79E}"
EndProject
Project("{2150E333-8FDC-42A3-9474-1A3956D46DE8}") = "Solution Items", "Solution Items", "{010B3C6A-55F5-4F01-9DB6-F2DE927FA5AA}"
	ProjectSection(SolutionItems) = preProject
		.travis.yml = .travis.yml
	EndProjectSection
EndProject
Global
	GlobalSection(SolutionConfigurationPlatforms) = preSolution
		Debug|Any CPU = Debug|Any CPU
		Release|Any CPU = Release|Any CPU
	EndGlobalSection
	GlobalSection(ProjectConfigurationPlatforms) = postSolution
		{F0E1DEAC-8AB8-47F4-829F-C899176F350B}.Debug|Any CPU.ActiveCfg = Debug|Any CPU
		{F0E1DEAC-8AB8-47F4-829F-C899176F350B}.Debug|Any CPU.Build.0 = Debug|Any CPU
		{F0E1DEAC-8AB8-47F4-829F-C899176F350B}.Release|Any CPU.ActiveCfg = Release|Any CPU
		{F0E1DEAC-8AB8-47F4-829F-C899176F350B}.Release|Any CPU.Build.0 = Release|Any CPU
		{D797307C-6F53-4D61-9CFE-C610A1F4F79E}.Debug|Any CPU.ActiveCfg = Debug|Any CPU
		{D797307C-6F53-4D61-9CFE-C610A1F4F79E}.Debug|Any CPU.Build.0 = Debug|Any CPU
		{D797307C-6F53-4D61-9CFE-C610A1F4F79E}.Release|Any CPU.ActiveCfg = Release|Any CPU
		{D797307C-6F53-4D61-9CFE-C610A1F4F79E}.Release|Any CPU.Build.0 = Release|Any CPU
	EndGlobalSection
	GlobalSection(SolutionProperties) = preSolution
		HideSolutionNode = FALSE
	EndGlobalSection
	GlobalSection(ExtensibilityGlobals) = postSolution
		SolutionGuid = {A4A9CC95-389B-4C86-AB25-5D546A1A67E8}
	EndGlobalSection
EndGlobal
