
Microsoft Visual Studio Solution File, Format Version 12.00
# Visual Studio Version 16
VisualStudioVersion = 16.0.30804.86
MinimumVisualStudioVersion = 10.0.40219.1
Project("{FAE04EC0-301F-11D3-BF4B-00C04F79EFBC}") = "ICT3101_Calculator", "ICT3101_Calculator\ICT3101_Calculator.csproj", "{F0E1DEAC-8AB8-47F4-829F-C899176F350B}"
EndProject
Project("{FAE04EC0-301F-11D3-BF4B-00C04F79EFBC}") = "ICT3101_Calculator.UnitTests", "ICT3101_Calculator.UnitTests\ICT3101_Calculator.UnitTests.csproj", "{D797307C-6F53-4D61-9CFE-C610A1F4F79E}"
EndProject
Global
	GlobalSection(SolutionConfigurationPlatforms) = preSolution
		Debug|Any CPU = Debug|Any CPU
		Release|Any CPU = Release|Any CPU
	EndGlobalSection
	GlobalSection(ProjectConfigurationPlatforms) = postSolution
		{F0E1DEAC-8AB8-47F4-829F-C899176F350B}.Debug|Any CPU.ActiveCfg = Debug|Any CPU
		{F0E1DEAC-8AB8-47F4-829F-C899176F350B}.Debug|Any CPU.Build.0 = Debug|Any CPU
		{F0E1DEAC-8AB8-47F4-829F-C899176F350B}.Release|Any CPU.ActiveCfg = Release|Any CPU
		{F0E1DEAC-8AB8-47F4-829F-C899176F350B}.Release|Any CPU.Build.0 = Release|Any CPU
		{D797307C-6F53-4D61-9CFE-C610A1F4F79E}.Debug|Any CPU.ActiveCfg = Debug|Any CPU
		{D797307C-6F53-4D61-9CFE-C610A1F4F79E}.Debug|Any CPU.Build.0 = Debug|Any CPU
		{D797307C-6F53-4D61-9CFE-C610A1F4F79E}.Release|Any CPU.ActiveCfg = Release|Any CPU
		{D797307C-6F53-4D61-9CFE-C610A1F4F79E}.Release|Any CPU.Build.0 = Release|Any CPU
	EndGlobalSection
	GlobalSection(SolutionProperties) = preSolution
		HideSolutionNode = FALSE
	EndGlobalSection
	GlobalSection(ExtensibilityGlobals) = postSolution
		SolutionGuid = {A4A9CC95-389B-4C86-AB25-5D546A1A67E8}
	EndGlobalSection
EndGlobal
